
Microsoft Visual Studio Solution File, Format Version 12.00
# Visual Studio Version 16
VisualStudioVersion = 16.0.32428.217
MinimumVisualStudioVersion = 10.0.40219.1
Project("{FAE04EC0-301F-11D3-BF4B-00C04F79EFBC}") = "ControledeContatos", "ControledeContatos\ControledeContatos.csproj", "{DA839670-C3F1-4A5E-A7DC-9D82F2070551}"
EndProject
Global
	GlobalSection(SolutionConfigurationPlatforms) = preSolution
		Debug|Any CPU = Debug|Any CPU
		Release|Any CPU = Release|Any CPU
	EndGlobalSection
	GlobalSection(ProjectConfigurationPlatforms) = postSolution
		{DA839670-C3F1-4A5E-A7DC-9D82F2070551}.Debug|Any CPU.ActiveCfg = Debug|Any CPU
		{DA839670-C3F1-4A5E-A7DC-9D82F2070551}.Debug|Any CPU.Build.0 = Debug|Any CPU
		{DA839670-C3F1-4A5E-A7DC-9D82F2070551}.Release|Any CPU.ActiveCfg = Release|Any CPU
		{DA839670-C3F1-4A5E-A7DC-9D82F2070551}.Release|Any CPU.Build.0 = Release|Any CPU
	EndGlobalSection
	GlobalSection(SolutionProperties) = preSolution
		HideSolutionNode = FALSE
	EndGlobalSection
	GlobalSection(ExtensibilityGlobals) = postSolution
		SolutionGuid = {CEE8D7CD-047F-4B37-8219-83BE353556F3}
	EndGlobalSection
EndGlobal
